// !$*UTF8*$!
{
	archiveVersion = 1;
	classes = {
	};
	objectVersion = 50;
	objects = {

/* Begin PBXBuildFile section */
		7ED53450220976E70062437E /* AppDelegate.swift in Sources */ = {isa = PBXBuildFile; fileRef = 7ED5344F220976E70062437E /* AppDelegate.swift */; };
		7ED53452220976E70062437E /* ViewController.swift in Sources */ = {isa = PBXBuildFile; fileRef = 7ED53451220976E70062437E /* ViewController.swift */; };
		7ED53455220976E70062437E /* Main.storyboard in Resources */ = {isa = PBXBuildFile; fileRef = 7ED53453220976E70062437E /* Main.storyboard */; };
		7ED53458220976E70062437E /* ios_native_application_stores.xcdatamodeld in Sources */ = {isa = PBXBuildFile; fileRef = 7ED53456220976E70062437E /* ios_native_application_stores.xcdatamodeld */; };
		7ED5345A220976E80062437E /* Assets.xcassets in Resources */ = {isa = PBXBuildFile; fileRef = 7ED53459220976E80062437E /* Assets.xcassets */; };
		7ED5345D220976E80062437E /* LaunchScreen.storyboard in Resources */ = {isa = PBXBuildFile; fileRef = 7ED5345B220976E80062437E /* LaunchScreen.storyboard */; };
		7ED53468220976E80062437E /* ios_native_application_storesTests.swift in Sources */ = {isa = PBXBuildFile; fileRef = 7ED53467220976E80062437E /* ios_native_application_storesTests.swift */; };
		7ED53473220976E90062437E /* ios_native_application_storesUITests.swift in Sources */ = {isa = PBXBuildFile; fileRef = 7ED53472220976E90062437E /* ios_native_application_storesUITests.swift */; };
/* End PBXBuildFile section */

/* Begin PBXContainerItemProxy section */
		7ED53464220976E80062437E /* PBXContainerItemProxy */ = {
			isa = PBXContainerItemProxy;
			containerPortal = 7ED53444220976E60062437E /* Project object */;
			proxyType = 1;
			remoteGlobalIDString = 7ED5344B220976E60062437E;
			remoteInfo = "ios-native-application-stores";
		};
		7ED5346F220976E90062437E /* PBXContainerItemProxy */ = {
			isa = PBXContainerItemProxy;
			containerPortal = 7ED53444220976E60062437E /* Project object */;
			proxyType = 1;
			remoteGlobalIDString = 7ED5344B220976E60062437E;
			remoteInfo = "ios-native-application-stores";
		};
/* End PBXContainerItemProxy section */

/* Begin PBXFileReference section */
		7ED5344C220976E60062437E /* ios-native-application-stores.app */ = {isa = PBXFileReference; explicitFileType = wrapper.application; includeInIndex = 0; path = "ios-native-application-stores.app"; sourceTree = BUILT_PRODUCTS_DIR; };
		7ED5344F220976E70062437E /* AppDelegate.swift */ = {isa = PBXFileReference; lastKnownFileType = sourcecode.swift; path = AppDelegate.swift; sourceTree = "<group>"; };
		7ED53451220976E70062437E /* ViewController.swift */ = {isa = PBXFileReference; lastKnownFileType = sourcecode.swift; path = ViewController.swift; sourceTree = "<group>"; };
		7ED53454220976E70062437E /* Base */ = {isa = PBXFileReference; lastKnownFileType = file.storyboard; name = Base; path = Base.lproj/Main.storyboard; sourceTree = "<group>"; };
		7ED53457220976E70062437E /* ios_native_application_stores.xcdatamodel */ = {isa = PBXFileReference; lastKnownFileType = wrapper.xcdatamodel; path = ios_native_application_stores.xcdatamodel; sourceTree = "<group>"; };
		7ED53459220976E80062437E /* Assets.xcassets */ = {isa = PBXFileReference; lastKnownFileType = folder.assetcatalog; path = Assets.xcassets; sourceTree = "<group>"; };
		7ED5345C220976E80062437E /* Base */ = {isa = PBXFileReference; lastKnownFileType = file.storyboard; name = Base; path = Base.lproj/LaunchScreen.storyboard; sourceTree = "<group>"; };
		7ED5345E220976E80062437E /* Info.plist */ = {isa = PBXFileReference; lastKnownFileType = text.plist.xml; path = Info.plist; sourceTree = "<group>"; };
		7ED53463220976E80062437E /* ios-native-application-storesTests.xctest */ = {isa = PBXFileReference; explicitFileType = wrapper.cfbundle; includeInIndex = 0; path = "ios-native-application-storesTests.xctest"; sourceTree = BUILT_PRODUCTS_DIR; };
		7ED53467220976E80062437E /* ios_native_application_storesTests.swift */ = {isa = PBXFileReference; lastKnownFileType = sourcecode.swift; path = ios_native_application_storesTests.swift; sourceTree = "<group>"; };
		7ED53469220976E80062437E /* Info.plist */ = {isa = PBXFileReference; lastKnownFileType = text.plist.xml; path = Info.plist; sourceTree = "<group>"; };
		7ED5346E220976E90062437E /* ios-native-application-storesUITests.xctest */ = {isa = PBXFileReference; explicitFileType = wrapper.cfbundle; includeInIndex = 0; path = "ios-native-application-storesUITests.xctest"; sourceTree = BUILT_PRODUCTS_DIR; };
		7ED53472220976E90062437E /* ios_native_application_storesUITests.swift */ = {isa = PBXFileReference; lastKnownFileType = sourcecode.swift; path = ios_native_application_storesUITests.swift; sourceTree = "<group>"; };
		7ED53474220976E90062437E /* Info.plist */ = {isa = PBXFileReference; lastKnownFileType = text.plist.xml; path = Info.plist; sourceTree = "<group>"; };
/* End PBXFileReference section */

/* Begin PBXFrameworksBuildPhase section */
		7ED53449220976E60062437E /* Frameworks */ = {
			isa = PBXFrameworksBuildPhase;
			buildActionMask = 2147483647;
			files = (
			);
			runOnlyForDeploymentPostprocessing = 0;
		};
		7ED53460220976E80062437E /* Frameworks */ = {
			isa = PBXFrameworksBuildPhase;
			buildActionMask = 2147483647;
			files = (
			);
			runOnlyForDeploymentPostprocessing = 0;
		};
		7ED5346B220976E90062437E /* Frameworks */ = {
			isa = PBXFrameworksBuildPhase;
			buildActionMask = 2147483647;
			files = (
			);
			runOnlyForDeploymentPostprocessing = 0;
		};
/* End PBXFrameworksBuildPhase section */

/* Begin PBXGroup section */
		7ED53443220976E60062437E = {
			isa = PBXGroup;
			children = (
				7ED5344E220976E70062437E /* ios-native-application-stores */,
				7ED53466220976E80062437E /* ios-native-application-storesTests */,
				7ED53471220976E90062437E /* ios-native-application-storesUITests */,
				7ED5344D220976E60062437E /* Products */,
			);
			sourceTree = "<group>";
		};
		7ED5344D220976E60062437E /* Products */ = {
			isa = PBXGroup;
			children = (
				7ED5344C220976E60062437E /* ios-native-application-stores.app */,
				7ED53463220976E80062437E /* ios-native-application-storesTests.xctest */,
				7ED5346E220976E90062437E /* ios-native-application-storesUITests.xctest */,
			);
			name = Products;
			sourceTree = "<group>";
		};
		7ED5344E220976E70062437E /* ios-native-application-stores */ = {
			isa = PBXGroup;
			children = (
				7ED5344F220976E70062437E /* AppDelegate.swift */,
				7ED53451220976E70062437E /* ViewController.swift */,
				7ED53453220976E70062437E /* Main.storyboard */,
				7ED53459220976E80062437E /* Assets.xcassets */,
				7ED5345B220976E80062437E /* LaunchScreen.storyboard */,
				7ED5345E220976E80062437E /* Info.plist */,
				7ED53456220976E70062437E /* ios_native_application_stores.xcdatamodeld */,
			);
			path = "ios-native-application-stores";
			sourceTree = "<group>";
		};
		7ED53466220976E80062437E /* ios-native-application-storesTests */ = {
			isa = PBXGroup;
			children = (
				7ED53467220976E80062437E /* ios_native_application_storesTests.swift */,
				7ED53469220976E80062437E /* Info.plist */,
			);
			path = "ios-native-application-storesTests";
			sourceTree = "<group>";
		};
		7ED53471220976E90062437E /* ios-native-application-storesUITests */ = {
			isa = PBXGroup;
			children = (
				7ED53472220976E90062437E /* ios_native_application_storesUITests.swift */,
				7ED53474220976E90062437E /* Info.plist */,
			);
			path = "ios-native-application-storesUITests";
			sourceTree = "<group>";
		};
/* End PBXGroup section */

/* Begin PBXNativeTarget section */
		7ED5344B220976E60062437E /* ios-native-application-stores */ = {
			isa = PBXNativeTarget;
			buildConfigurationList = 7ED53477220976E90062437E /* Build configuration list for PBXNativeTarget "ios-native-application-stores" */;
			buildPhases = (
				7ED53448220976E60062437E /* Sources */,
				7ED53449220976E60062437E /* Frameworks */,
				7ED5344A220976E60062437E /* Resources */,
			);
			buildRules = (
			);
			dependencies = (
			);
			name = "ios-native-application-stores";
			productName = "ios-native-application-stores";
			productReference = 7ED5344C220976E60062437E /* ios-native-application-stores.app */;
			productType = "com.apple.product-type.application";
		};
		7ED53462220976E80062437E /* ios-native-application-storesTests */ = {
			isa = PBXNativeTarget;
			buildConfigurationList = 7ED5347A220976E90062437E /* Build configuration list for PBXNativeTarget "ios-native-application-storesTests" */;
			buildPhases = (
				7ED5345F220976E80062437E /* Sources */,
				7ED53460220976E80062437E /* Frameworks */,
				7ED53461220976E80062437E /* Resources */,
			);
			buildRules = (
			);
			dependencies = (
				7ED53465220976E80062437E /* PBXTargetDependency */,
			);
			name = "ios-native-application-storesTests";
			productName = "ios-native-application-storesTests";
			productReference = 7ED53463220976E80062437E /* ios-native-application-storesTests.xctest */;
			productType = "com.apple.product-type.bundle.unit-test";
		};
		7ED5346D220976E90062437E /* ios-native-application-storesUITests */ = {
			isa = PBXNativeTarget;
			buildConfigurationList = 7ED5347D220976E90062437E /* Build configuration list for PBXNativeTarget "ios-native-application-storesUITests" */;
			buildPhases = (
				7ED5346A220976E90062437E /* Sources */,
				7ED5346B220976E90062437E /* Frameworks */,
				7ED5346C220976E90062437E /* Resources */,
			);
			buildRules = (
			);
			dependencies = (
				7ED53470220976E90062437E /* PBXTargetDependency */,
			);
			name = "ios-native-application-storesUITests";
			productName = "ios-native-application-storesUITests";
			productReference = 7ED5346E220976E90062437E /* ios-native-application-storesUITests.xctest */;
			productType = "com.apple.product-type.bundle.ui-testing";
		};
/* End PBXNativeTarget section */

/* Begin PBXProject section */
		7ED53444220976E60062437E /* Project object */ = {
			isa = PBXProject;
			attributes = {
				LastSwiftUpdateCheck = 1010;
				LastUpgradeCheck = 1010;
				ORGANIZATIONNAME = ewgeniux;
				TargetAttributes = {
					7ED5344B220976E60062437E = {
						CreatedOnToolsVersion = 10.1;
					};
					7ED53462220976E80062437E = {
						CreatedOnToolsVersion = 10.1;
						TestTargetID = 7ED5344B220976E60062437E;
					};
					7ED5346D220976E90062437E = {
						CreatedOnToolsVersion = 10.1;
						TestTargetID = 7ED5344B220976E60062437E;
					};
				};
			};
			buildConfigurationList = 7ED53447220976E60062437E /* Build configuration list for PBXProject "ios-native-application-stores" */;
			compatibilityVersion = "Xcode 9.3";
			developmentRegion = en;
			hasScannedForEncodings = 0;
			knownRegions = (
				en,
				Base,
			);
			mainGroup = 7ED53443220976E60062437E;
			productRefGroup = 7ED5344D220976E60062437E /* Products */;
			projectDirPath = "";
			projectRoot = "";
			targets = (
				7ED5344B220976E60062437E /* ios-native-application-stores */,
				7ED53462220976E80062437E /* ios-native-application-storesTests */,
				7ED5346D220976E90062437E /* ios-native-application-storesUITests */,
			);
		};
/* End PBXProject section */

/* Begin PBXResourcesBuildPhase section */
		7ED5344A220976E60062437E /* Resources */ = {
			isa = PBXResourcesBuildPhase;
			buildActionMask = 2147483647;
			files = (
				7ED5345D220976E80062437E /* LaunchScreen.storyboard in Resources */,
				7ED5345A220976E80062437E /* Assets.xcassets in Resources */,
				7ED53455220976E70062437E /* Main.storyboard in Resources */,
			);
			runOnlyForDeploymentPostprocessing = 0;
		};
		7ED53461220976E80062437E /* Resources */ = {
			isa = PBXResourcesBuildPhase;
			buildActionMask = 2147483647;
			files = (
			);
			runOnlyForDeploymentPostprocessing = 0;
		};
		7ED5346C220976E90062437E /* Resources */ = {
			isa = PBXResourcesBuildPhase;
			buildActionMask = 2147483647;
			files = (
			);
			runOnlyForDeploymentPostprocessing = 0;
		};
/* End PBXResourcesBuildPhase section */

/* Begin PBXSourcesBuildPhase section */
		7ED53448220976E60062437E /* Sources */ = {
			isa = PBXSourcesBuildPhase;
			buildActionMask = 2147483647;
			files = (
				7ED53458220976E70062437E /* ios_native_application_stores.xcdatamodeld in Sources */,
				7ED53452220976E70062437E /* ViewController.swift in Sources */,
				7ED53450220976E70062437E /* AppDelegate.swift in Sources */,
			);
			runOnlyForDeploymentPostprocessing = 0;
		};
		7ED5345F220976E80062437E /* Sources */ = {
			isa = PBXSourcesBuildPhase;
			buildActionMask = 2147483647;
			files = (
				7ED53468220976E80062437E /* ios_native_application_storesTests.swift in Sources */,
			);
			runOnlyForDeploymentPostprocessing = 0;
		};
		7ED5346A220976E90062437E /* Sources */ = {
			isa = PBXSourcesBuildPhase;
			buildActionMask = 2147483647;
			files = (
				7ED53473220976E90062437E /* ios_native_application_storesUITests.swift in Sources */,
			);
			runOnlyForDeploymentPostprocessing = 0;
		};
/* End PBXSourcesBuildPhase section */

/* Begin PBXTargetDependency section */
		7ED53465220976E80062437E /* PBXTargetDependency */ = {
			isa = PBXTargetDependency;
			target = 7ED5344B220976E60062437E /* ios-native-application-stores */;
			targetProxy = 7ED53464220976E80062437E /* PBXContainerItemProxy */;
		};
		7ED53470220976E90062437E /* PBXTargetDependency */ = {
			isa = PBXTargetDependency;
			target = 7ED5344B220976E60062437E /* ios-native-application-stores */;
			targetProxy = 7ED5346F220976E90062437E /* PBXContainerItemProxy */;
		};
/* End PBXTargetDependency section */

/* Begin PBXVariantGroup section */
		7ED53453220976E70062437E /* Main.storyboard */ = {
			isa = PBXVariantGroup;
			children = (
				7ED53454220976E70062437E /* Base */,
			);
			name = Main.storyboard;
			sourceTree = "<group>";
		};
		7ED5345B220976E80062437E /* LaunchScreen.storyboard */ = {
			isa = PBXVariantGroup;
			children = (
				7ED5345C220976E80062437E /* Base */,
			);
			name = LaunchScreen.storyboard;
			sourceTree = "<group>";
		};
/* End PBXVariantGroup section */

/* Begin XCBuildConfiguration section */
		7ED53475220976E90062437E /* Debug */ = {
			isa = XCBuildConfiguration;
			buildSettings = {
				ALWAYS_SEARCH_USER_PATHS = NO;
				CLANG_ANALYZER_NONNULL = YES;
				CLANG_ANALYZER_NUMBER_OBJECT_CONVERSION = YES_AGGRESSIVE;
				CLANG_CXX_LANGUAGE_STANDARD = "gnu++14";
				CLANG_CXX_LIBRARY = "libc++";
				CLANG_ENABLE_MODULES = YES;
				CLANG_ENABLE_OBJC_ARC = YES;
				CLANG_ENABLE_OBJC_WEAK = YES;
				CLANG_WARN_BLOCK_CAPTURE_AUTORELEASING = YES;
				CLANG_WARN_BOOL_CONVERSION = YES;
				CLANG_WARN_COMMA = YES;
				CLANG_WARN_CONSTANT_CONVERSION = YES;
				CLANG_WARN_DEPRECATED_OBJC_IMPLEMENTATIONS = YES;
				CLANG_WARN_DIRECT_OBJC_ISA_USAGE = YES_ERROR;
				CLANG_WARN_DOCUMENTATION_COMMENTS = YES;
				CLANG_WARN_EMPTY_BODY = YES;
				CLANG_WARN_ENUM_CONVERSION = YES;
				CLANG_WARN_INFINITE_RECURSION = YES;
				CLANG_WARN_INT_CONVERSION = YES;
				CLANG_WARN_NON_LITERAL_NULL_CONVERSION = YES;
				CLANG_WARN_OBJC_IMPLICIT_RETAIN_SELF = YES;
				CLANG_WARN_OBJC_LITERAL_CONVERSION = YES;
				CLANG_WARN_OBJC_ROOT_CLASS = YES_ERROR;
				CLANG_WARN_RANGE_LOOP_ANALYSIS = YES;
				CLANG_WARN_STRICT_PROTOTYPES = YES;
				CLANG_WARN_SUSPICIOUS_MOVE = YES;
				CLANG_WARN_UNGUARDED_AVAILABILITY = YES_AGGRESSIVE;
				CLANG_WARN_UNREACHABLE_CODE = YES;
				CLANG_WARN__DUPLICATE_METHOD_MATCH = YES;
				CODE_SIGN_IDENTITY = "iPhone Developer";
				COPY_PHASE_STRIP = NO;
				DEBUG_INFORMATION_FORMAT = dwarf;
				ENABLE_STRICT_OBJC_MSGSEND = YES;
				ENABLE_TESTABILITY = YES;
				GCC_C_LANGUAGE_STANDARD = gnu11;
				GCC_DYNAMIC_NO_PIC = NO;
				GCC_NO_COMMON_BLOCKS = YES;
				GCC_OPTIMIZATION_LEVEL = 0;
				GCC_PREPROCESSOR_DEFINITIONS = (
					"DEBUG=1",
					"$(inherited)",
				);
				GCC_WARN_64_TO_32_BIT_CONVERSION = YES;
				GCC_WARN_ABOUT_RETURN_TYPE = YES_ERROR;
				GCC_WARN_UNDECLARED_SELECTOR = YES;
				GCC_WARN_UNINITIALIZED_AUTOS = YES_AGGRESSIVE;
				GCC_WARN_UNUSED_FUNCTION = YES;
				GCC_WARN_UNUSED_VARIABLE = YES;
				IPHONEOS_DEPLOYMENT_TARGET = 12.1;
				MTL_ENABLE_DEBUG_INFO = INCLUDE_SOURCE;
				MTL_FAST_MATH = YES;
				ONLY_ACTIVE_ARCH = YES;
				SDKROOT = iphoneos;
				SWIFT_ACTIVE_COMPILATION_CONDITIONS = DEBUG;
				SWIFT_OPTIMIZATION_LEVEL = "-Onone";
			};
			name = Debug;
		};
		7ED53476220976E90062437E /* Release */ = {
			isa = XCBuildConfiguration;
			buildSettings = {
				ALWAYS_SEARCH_USER_PATHS = NO;
				CLANG_ANALYZER_NONNULL = YES;
				CLANG_ANALYZER_NUMBER_OBJECT_CONVERSION = YES_AGGRESSIVE;
				CLANG_CXX_LANGUAGE_STANDARD = "gnu++14";
				CLANG_CXX_LIBRARY = "libc++";
				CLANG_ENABLE_MODULES = YES;
				CLANG_ENABLE_OBJC_ARC = YES;
				CLANG_ENABLE_OBJC_WEAK = YES;
				CLANG_WARN_BLOCK_CAPTURE_AUTORELEASING = YES;
				CLANG_WARN_BOOL_CONVERSION = YES;
				CLANG_WARN_COMMA = YES;
				CLANG_WARN_CONSTANT_CONVERSION = YES;
				CLANG_WARN_DEPRECATED_OBJC_IMPLEMENTATIONS = YES;
				CLANG_WARN_DIRECT_OBJC_ISA_USAGE = YES_ERROR;
				CLANG_WARN_DOCUMENTATION_COMMENTS = YES;
				CLANG_WARN_EMPTY_BODY = YES;
				CLANG_WARN_ENUM_CONVERSION = YES;
				CLANG_WARN_INFINITE_RECURSION = YES;
				CLANG_WARN_INT_CONVERSION = YES;
				CLANG_WARN_NON_LITERAL_NULL_CONVERSION = YES;
				CLANG_WARN_OBJC_IMPLICIT_RETAIN_SELF = YES;
				CLANG_WARN_OBJC_LITERAL_CONVERSION = YES;
				CLANG_WARN_OBJC_ROOT_CLASS = YES_ERROR;
				CLANG_WARN_RANGE_LOOP_ANALYSIS = YES;
				CLANG_WARN_STRICT_PROTOTYPES = YES;
				CLANG_WARN_SUSPICIOUS_MOVE = YES;
				CLANG_WARN_UNGUARDED_AVAILABILITY = YES_AGGRESSIVE;
				CLANG_WARN_UNREACHABLE_CODE = YES;
				CLANG_WARN__DUPLICATE_METHOD_MATCH = YES;
				CODE_SIGN_IDENTITY = "iPhone Developer";
				COPY_PHASE_STRIP = NO;
				DEBUG_INFORMATION_FORMAT = "dwarf-with-dsym";
				ENABLE_NS_ASSERTIONS = NO;
				ENABLE_STRICT_OBJC_MSGSEND = YES;
				GCC_C_LANGUAGE_STANDARD = gnu11;
				GCC_NO_COMMON_BLOCKS = YES;
				GCC_WARN_64_TO_32_BIT_CONVERSION = YES;
				GCC_WARN_ABOUT_RETURN_TYPE = YES_ERROR;
				GCC_WARN_UNDECLARED_SELECTOR = YES;
				GCC_WARN_UNINITIALIZED_AUTOS = YES_AGGRESSIVE;
				GCC_WARN_UNUSED_FUNCTION = YES;
				GCC_WARN_UNUSED_VARIABLE = YES;
				IPHONEOS_DEPLOYMENT_TARGET = 12.1;
				MTL_ENABLE_DEBUG_INFO = NO;
				MTL_FAST_MATH = YES;
				SDKROOT = iphoneos;
				SWIFT_COMPILATION_MODE = wholemodule;
				SWIFT_OPTIMIZATION_LEVEL = "-O";
				VALIDATE_PRODUCT = YES;
			};
			name = Release;
		};
		7ED53478220976E90062437E /* Debug */ = {
			isa = XCBuildConfiguration;
			buildSettings = {
				ASSETCATALOG_COMPILER_APPICON_NAME = AppIcon;
				CODE_SIGN_IDENTITY = "iPhone Distribution";
				CODE_SIGN_STYLE = Manual;
				DEVELOPMENT_TEAM = R2L8TU8NEV;
				INFOPLIST_FILE = "ios-native-application-stores/Info.plist";
				LD_RUNPATH_SEARCH_PATHS = (
					"$(inherited)",
					"@executable_path/Frameworks",
				);
				PRODUCT_BUNDLE_IDENTIFIER = "com.ewgeniux.ios-native-application-stores";
				PRODUCT_NAME = "$(TARGET_NAME)";
				PROVISIONING_PROFILE_SPECIFIER = "iOS-app-stores";
				SWIFT_VERSION = 4.2;
				TARGETED_DEVICE_FAMILY = "1,2";
			};
			name = Debug;
		};
		7ED53479220976E90062437E /* Release */ = {
			isa = XCBuildConfiguration;
			buildSettings = {
				ASSETCATALOG_COMPILER_APPICON_NAME = AppIcon;
				CODE_SIGN_IDENTITY = "iPhone Distribution";
				CODE_SIGN_STYLE = Manual;
				DEVELOPMENT_TEAM = R2L8TU8NEV;
				INFOPLIST_FILE = "ios-native-application-stores/Info.plist";
				LD_RUNPATH_SEARCH_PATHS = (
					"$(inherited)",
					"@executable_path/Frameworks",
				);
				PRODUCT_BUNDLE_IDENTIFIER = "com.ewgeniux.ios-native-application-stores";
				PRODUCT_NAME = "$(TARGET_NAME)";
				PROVISIONING_PROFILE_SPECIFIER = "iOS-app-stores";
				SWIFT_VERSION = 4.2;
				TARGETED_DEVICE_FAMILY = "1,2";
			};
			name = Release;
		};
		7ED5347B220976E90062437E /* Debug */ = {
			isa = XCBuildConfiguration;
			buildSettings = {
				ALWAYS_EMBED_SWIFT_STANDARD_LIBRARIES = YES;
				BUNDLE_LOADER = "$(TEST_HOST)";
				CODE_SIGN_STYLE = Automatic;
				DEVELOPMENT_TEAM = R2L8TU8NEV;
				INFOPLIST_FILE = "ios-native-application-storesTests/Info.plist";
				LD_RUNPATH_SEARCH_PATHS = (
					"$(inherited)",
					"@executable_path/Frameworks",
					"@loader_path/Frameworks",
				);
				PRODUCT_BUNDLE_IDENTIFIER = "com.ewgeniux.ios-native-application-storesTests";
				PRODUCT_NAME = "$(TARGET_NAME)";
				SWIFT_VERSION = 4.2;
				TARGETED_DEVICE_FAMILY = "1,2";
				TEST_HOST = "$(BUILT_PRODUCTS_DIR)/ios-native-application-stores.app/ios-native-application-stores";
			};
			name = Debug;
		};
		7ED5347C220976E90062437E /* Release */ = {
			isa = XCBuildConfiguration;
			buildSettings = {
				ALWAYS_EMBED_SWIFT_STANDARD_LIBRARIES = YES;
				BUNDLE_LOADER = "$(TEST_HOST)";
				CODE_SIGN_STYLE = Automatic;
				DEVELOPMENT_TEAM = R2L8TU8NEV;
				INFOPLIST_FILE = "ios-native-application-storesTests/Info.plist";
				LD_RUNPATH_SEARCH_PATHS = (
					"$(inherited)",
					"@executable_path/Frameworks",
					"@loader_path/Frameworks",
				);
				PRODUCT_BUNDLE_IDENTIFIER = "com.ewgeniux.ios-native-application-storesTests";
				PRODUCT_NAME = "$(TARGET_NAME)";
				SWIFT_VERSION = 4.2;
				TARGETED_DEVICE_FAMILY = "1,2";
				TEST_HOST = "$(BUILT_PRODUCTS_DIR)/ios-native-application-stores.app/ios-native-application-stores";
			};
			name = Release;
		};
		7ED5347E220976E90062437E /* Debug */ = {
			isa = XCBuildConfiguration;
			buildSettings = {
				ALWAYS_EMBED_SWIFT_STANDARD_LIBRARIES = YES;
				CODE_SIGN_STYLE = Automatic;
				DEVELOPMENT_TEAM = R2L8TU8NEV;
				INFOPLIST_FILE = "ios-native-application-storesUITests/Info.plist";
				LD_RUNPATH_SEARCH_PATHS = (
					"$(inherited)",
					"@executable_path/Frameworks",
					"@loader_path/Frameworks",
				);
				PRODUCT_BUNDLE_IDENTIFIER = "com.ewgeniux.ios-native-application-storesUITests";
				PRODUCT_NAME = "$(TARGET_NAME)";
				SWIFT_VERSION = 4.2;
				TARGETED_DEVICE_FAMILY = "1,2";
				TEST_TARGET_NAME = "ios-native-application-stores";
			};
			name = Debug;
		};
		7ED5347F220976E90062437E /* Release */ = {
			isa = XCBuildConfiguration;
			buildSettings = {
				ALWAYS_EMBED_SWIFT_STANDARD_LIBRARIES = YES;
				CODE_SIGN_STYLE = Automatic;
				DEVELOPMENT_TEAM = R2L8TU8NEV;
				INFOPLIST_FILE = "ios-native-application-storesUITests/Info.plist";
				LD_RUNPATH_SEARCH_PATHS = (
					"$(inherited)",
					"@executable_path/Frameworks",
					"@loader_path/Frameworks",
				);
				PRODUCT_BUNDLE_IDENTIFIER = "com.ewgeniux.ios-native-application-storesUITests";
				PRODUCT_NAME = "$(TARGET_NAME)";
				SWIFT_VERSION = 4.2;
				TARGETED_DEVICE_FAMILY = "1,2";
				TEST_TARGET_NAME = "ios-native-application-stores";
			};
			name = Release;
		};
/* End XCBuildConfiguration section */

/* Begin XCConfigurationList section */
		7ED53447220976E60062437E /* Build configuration list for PBXProject "ios-native-application-stores" */ = {
			isa = XCConfigurationList;
			buildConfigurations = (
				7ED53475220976E90062437E /* Debug */,
				7ED53476220976E90062437E /* Release */,
			);
			defaultConfigurationIsVisible = 0;
			defaultConfigurationName = Release;
		};
		7ED53477220976E90062437E /* Build configuration list for PBXNativeTarget "ios-native-application-stores" */ = {
			isa = XCConfigurationList;
			buildConfigurations = (
				7ED53478220976E90062437E /* Debug */,
				7ED53479220976E90062437E /* Release */,
			);
			defaultConfigurationIsVisible = 0;
			defaultConfigurationName = Release;
		};
		7ED5347A220976E90062437E /* Build configuration list for PBXNativeTarget "ios-native-application-storesTests" */ = {
			isa = XCConfigurationList;
			buildConfigurations = (
				7ED5347B220976E90062437E /* Debug */,
				7ED5347C220976E90062437E /* Release */,
			);
			defaultConfigurationIsVisible = 0;
			defaultConfigurationName = Release;
		};
		7ED5347D220976E90062437E /* Build configuration list for PBXNativeTarget "ios-native-application-storesUITests" */ = {
			isa = XCConfigurationList;
			buildConfigurations = (
				7ED5347E220976E90062437E /* Debug */,
				7ED5347F220976E90062437E /* Release */,
			);
			defaultConfigurationIsVisible = 0;
			defaultConfigurationName = Release;
		};
/* End XCConfigurationList section */

/* Begin XCVersionGroup section */
		7ED53456220976E70062437E /* ios_native_application_stores.xcdatamodeld */ = {
			isa = XCVersionGroup;
			children = (
				7ED53457220976E70062437E /* ios_native_application_stores.xcdatamodel */,
			);
			currentVersion = 7ED53457220976E70062437E /* ios_native_application_stores.xcdatamodel */;
			path = ios_native_application_stores.xcdatamodeld;
			sourceTree = "<group>";
			versionGroupType = wrapper.xcdatamodel;
		};
/* End XCVersionGroup section */
	};
	rootObject = 7ED53444220976E60062437E /* Project object */;
}
